
Microsoft Visual Studio Solution File, Format Version 12.00
# Visual Studio Version 17
VisualStudioVersion = 17.1.32210.238
MinimumVisualStudioVersion = 10.0.40219.1
Project("{FAE04EC0-301F-11D3-BF4B-00C04F79EFBC}") = "LocalizationSample", "LocalizationSample\LocalizationSample.csproj", "{FDA5738A-36A5-446F-AA28-F70CDFF2CC24}"
EndProject
Global
	GlobalSection(SolutionConfigurationPlatforms) = preSolution
		Debug|Any CPU = Debug|Any CPU
		Release|Any CPU = Release|Any CPU
	EndGlobalSection
	GlobalSection(ProjectConfigurationPlatforms) = postSolution
		{FDA5738A-36A5-446F-AA28-F70CDFF2CC24}.Debug|Any CPU.ActiveCfg = Debug|Any CPU
		{FDA5738A-36A5-446F-AA28-F70CDFF2CC24}.Debug|Any CPU.Build.0 = Debug|Any CPU
		{FDA5738A-36A5-446F-AA28-F70CDFF2CC24}.Release|Any CPU.ActiveCfg = Release|Any CPU
		{FDA5738A-36A5-446F-AA28-F70CDFF2CC24}.Release|Any CPU.Build.0 = Release|Any CPU
	EndGlobalSection
	GlobalSection(SolutionProperties) = preSolution
		HideSolutionNode = FALSE
	EndGlobalSection
	GlobalSection(ExtensibilityGlobals) = postSolution
		SolutionGuid = {96131B9A-EDC3-47FA-91EC-86D07F1C204C}
	EndGlobalSection
EndGlobal
